{
  "pins" : [
    {
      "identity" : "indirectlycodable",
      "kind" : "remoteSourceControl",
      "location" : "https://github.com/p-x9/IndirectlyCodable.git",
      "state" : {
        "revision" : "548af634dc3277a5448ea9801b206c0037185f1e",
        "version" : "0.1.0"
      }
    },
    {
      "identity" : "keypathvalue",
      "kind" : "remoteSourceControl",
      "location" : "https://github.com/p-x9/KeyPathValue.git",
      "state" : {
        "revision" : "8938b8f8d74a70c6b2d6a94b02e7d5753eb001db",
        "version" : "0.1.0"
      }
    },
    {
      "identity" : "yams",
      "kind" : "remoteSourceControl",
      "location" : "https://github.com/jpsim/Yams.git",
      "state" : {
        "revision" : "01835dc202670b5bb90d07f3eae41867e9ed29f6",
        "version" : "5.0.1"
      }
    }
  ],
  "version" : 2
}
